{
  "name": "advent-of-code",
  "version": "1.0.0",
  "lockfileVersion": 3,
  "requires": true,
  "packages": {
    "": {
      "name": "advent-of-code",
      "version": "1.0.0",
      "license": "ISC",
      "dependencies": {
        "@types/ramda": "^0.29.9",
        "lodash": "^4.17.21",
        "ramda": "^0.29.1"
      },
      "devDependencies": {
        "@types/lodash": "^4.14.202",
        "prettier": "3.1.0"
      }
    },
    "node_modules/@types/lodash": {
      "version": "4.14.202",
      "resolved": "https://registry.npmjs.org/@types/lodash/-/lodash-4.14.202.tgz",
      "integrity": "sha512-OvlIYQK9tNneDlS0VN54LLd5uiPCBOp7gS5Z0f1mjoJYBrtStzgmJBxONW3U6OZqdtNzZPmn9BS/7WI7BFFcFQ==",
      "dev": true
    },
    "node_modules/@types/ramda": {
      "version": "0.29.9",
      "resolved": "https://registry.npmjs.org/@types/ramda/-/ramda-0.29.9.tgz",
      "integrity": "sha512-X3yEG6tQCWBcUAql+RPC/O1Hm9BSU+MXu2wJnCETuAgUlrEDwTA1kIOdEEE4YXDtf0zfQLHa9CCE7WYp9kqPIQ==",
      "dependencies": {
        "types-ramda": "^0.29.6"
      }
    },
    "node_modules/lodash": {
      "version": "4.17.21",
      "resolved": "https://registry.npmjs.org/lodash/-/lodash-4.17.21.tgz",
      "integrity": "sha512-v2kDEe57lecTulaDIuNTPy3Ry4gLGJ6Z1O3vE1krgXZNrsQ+LFTGHVxVjcXPs17LhbZVGedAJv8XZ1tvj5FvSg=="
    },
    "node_modules/prettier": {
      "version": "3.1.0",
      "resolved": "https://registry.npmjs.org/prettier/-/prettier-3.1.0.tgz",
      "integrity": "sha512-TQLvXjq5IAibjh8EpBIkNKxO749UEWABoiIZehEPiY4GNpVdhaFKqSTu+QrlU6D2dPAfubRmtJTi4K4YkQ5eXw==",
      "dev": true,
      "bin": {
        "prettier": "bin/prettier.cjs"
      },
      "engines": {
        "node": ">=14"
      },
      "funding": {
        "url": "https://github.com/prettier/prettier?sponsor=1"
      }
    },
    "node_modules/ramda": {
      "version": "0.29.1",
      "resolved": "https://registry.npmjs.org/ramda/-/ramda-0.29.1.tgz",
      "integrity": "sha512-OfxIeWzd4xdUNxlWhgFazxsA/nl3mS4/jGZI5n00uWOoSSFRhC1b6gl6xvmzUamgmqELraWp0J/qqVlXYPDPyA==",
      "funding": {
        "type": "opencollective",
        "url": "https://opencollective.com/ramda"
      }
    },
    "node_modules/ts-toolbelt": {
      "version": "9.6.0",
      "resolved": "https://registry.npmjs.org/ts-toolbelt/-/ts-toolbelt-9.6.0.tgz",
      "integrity": "sha512-nsZd8ZeNUzukXPlJmTBwUAuABDe/9qtVDelJeT/qW0ow3ZS3BsQJtNkan1802aM9Uf68/Y8ljw86Hu0h5IUW3w=="
    },
    "node_modules/types-ramda": {
      "version": "0.29.6",
      "resolved": "https://registry.npmjs.org/types-ramda/-/types-ramda-0.29.6.tgz",
      "integrity": "sha512-VJoOk1uYNh9ZguGd3eZvqkdhD4hTGtnjRBUx5Zc0U9ftmnCgiWcSj/lsahzKunbiwRje1MxxNkEy1UdcXRCpYw==",
      "dependencies": {
        "ts-toolbelt": "^9.6.0"
      }
    }
  }
}
